
Microsoft Visual Studio Solution File, Format Version 12.00
# Visual Studio Version 16
VisualStudioVersion = 16.0.31515.178
MinimumVisualStudioVersion = 10.0.40219.1
Project("{8BC9CEB8-8B4A-11D0-8D11-00A0C91BC942}") = "FluidSimGPU", "FluidSimGPU\FluidSimGPU.vcxproj", "{53DFFA59-B4D6-443F-9697-79876EB39BBA}"
EndProject
Global
	GlobalSection(SolutionConfigurationPlatforms) = preSolution
		Debug|x64 = Debug|x64
		Debug|x86 = Debug|x86
		Release|x64 = Release|x64
		Release|x86 = Release|x86
	EndGlobalSection
	GlobalSection(ProjectConfigurationPlatforms) = postSolution
		{53DFFA59-B4D6-443F-9697-79876EB39BBA}.Debug|x64.ActiveCfg = Debug|x64
		{53DFFA59-B4D6-443F-9697-79876EB39BBA}.Debug|x64.Build.0 = Debug|x64
		{53DFFA59-B4D6-443F-9697-79876EB39BBA}.Debug|x86.ActiveCfg = Debug|Win32
		{53DFFA59-B4D6-443F-9697-79876EB39BBA}.Debug|x86.Build.0 = Debug|Win32
		{53DFFA59-B4D6-443F-9697-79876EB39BBA}.Release|x64.ActiveCfg = Release|x64
		{53DFFA59-B4D6-443F-9697-79876EB39BBA}.Release|x64.Build.0 = Release|x64
		{53DFFA59-B4D6-443F-9697-79876EB39BBA}.Release|x86.ActiveCfg = Release|Win32
		{53DFFA59-B4D6-443F-9697-79876EB39BBA}.Release|x86.Build.0 = Release|Win32
	EndGlobalSection
	GlobalSection(SolutionProperties) = preSolution
		HideSolutionNode = FALSE
	EndGlobalSection
	GlobalSection(ExtensibilityGlobals) = postSolution
		SolutionGuid = {46052472-2EF4-4863-964D-4190198B01F7}
	EndGlobalSection
EndGlobal
